Microsoft Visual Studio Solution File, Format Version 12.00
# Visual Studio Version 17
VisualStudioVersion = 17.5.2.0
MinimumVisualStudioVersion = 10.0.40219.1
Project("{FAE04EC0-301F-11D3-BF4B-00C04F79EFBC}") = "Organaize", "Organaize.csproj", "{CC2733E1-C590-0BEC-CB7E-F714C0744AEC}"
EndProject
Global
	GlobalSection(SolutionConfigurationPlatforms) = preSolution
		Debug|Any CPU = Debug|Any CPU
		Release|Any CPU = Release|Any CPU
	EndGlobalSection
	GlobalSection(ProjectConfigurationPlatforms) = postSolution
		{CC2733E1-C590-0BEC-CB7E-F714C0744AEC}.Debug|Any CPU.ActiveCfg = Debug|Any CPU
		{CC2733E1-C590-0BEC-CB7E-F714C0744AEC}.Debug|Any CPU.Build.0 = Debug|Any CPU
		{CC2733E1-C590-0BEC-CB7E-F714C0744AEC}.Release|Any CPU.ActiveCfg = Release|Any CPU
		{CC2733E1-C590-0BEC-CB7E-F714C0744AEC}.Release|Any CPU.Build.0 = Release|Any CPU
	EndGlobalSection
	GlobalSection(SolutionProperties) = preSolution
		HideSolutionNode = FALSE
	EndGlobalSection
	GlobalSection(ExtensibilityGlobals) = postSolution
		SolutionGuid = {C0E60FA4-6B9B-4440-89E4-9E69005C9EF1}
	EndGlobalSection
EndGlobal
